
Microsoft Visual Studio Solution File, Format Version 12.00
# Visual Studio Version 17
VisualStudioVersion = 17.14.36310.24 d17.14
MinimumVisualStudioVersion = 10.0.40219.1
Project("{FAE04EC0-301F-11D3-BF4B-00C04F79EFBC}") = "MusicApp", "MusicApp\MusicApp.csproj", "{9BA48917-AC1C-42F6-AC92-54810C19F4E4}"
EndProject
Global
	GlobalSection(SolutionConfigurationPlatforms) = preSolution
		Debug|Any CPU = Debug|Any CPU
		Release|Any CPU = Release|Any CPU
	EndGlobalSection
	GlobalSection(ProjectConfigurationPlatforms) = postSolution
		{9BA48917-AC1C-42F6-AC92-54810C19F4E4}.Debug|Any CPU.ActiveCfg = Debug|Any CPU
		{9BA48917-AC1C-42F6-AC92-54810C19F4E4}.Debug|Any CPU.Build.0 = Debug|Any CPU
		{9BA48917-AC1C-42F6-AC92-54810C19F4E4}.Debug|Any CPU.Deploy.0 = Debug|Any CPU
		{9BA48917-AC1C-42F6-AC92-54810C19F4E4}.Release|Any CPU.ActiveCfg = Release|Any CPU
		{9BA48917-AC1C-42F6-AC92-54810C19F4E4}.Release|Any CPU.Build.0 = Release|Any CPU
		{9BA48917-AC1C-42F6-AC92-54810C19F4E4}.Release|Any CPU.Deploy.0 = Release|Any CPU
	EndGlobalSection
	GlobalSection(SolutionProperties) = preSolution
		HideSolutionNode = FALSE
	EndGlobalSection
	GlobalSection(ExtensibilityGlobals) = postSolution
		SolutionGuid = {FB2634A0-64F4-4909-BE0F-82369DCDEE28}
	EndGlobalSection
EndGlobal
